
Microsoft Visual Studio Solution File, Format Version 12.00
# Visual Studio 15
Project("{FAE04EC0-301F-11D3-BF4B-00C04F79EFBC}") = "Assembly-CSharp", "Assembly-CSharp.csproj", "{5471A3BE-EB50-79C9-C2F3-60D886D9BFEB}"
EndProject
Project("{FAE04EC0-301F-11D3-BF4B-00C04F79EFBC}") = "Assembly-CSharp-firstpass", "Assembly-CSharp-firstpass.csproj", "{3FC3F539-02A5-C15C-42B1-F261513E5B50}"
EndProject
Project("{FAE04EC0-301F-11D3-BF4B-00C04F79EFBC}") = "Assembly-CSharp-Editor", "Assembly-CSharp-Editor.csproj", "{756131B3-2D4F-6CEA-D884-1A724C9EC0DE}"
EndProject
Global
	GlobalSection(SolutionConfigurationPlatforms) = preSolution
		Debug|Any CPU = Debug|Any CPU
		Release|Any CPU = Release|Any CPU
	EndGlobalSection
	GlobalSection(ProjectConfigurationPlatforms) = postSolution
		{5471A3BE-EB50-79C9-C2F3-60D886D9BFEB}.Debug|Any CPU.ActiveCfg = Debug|Any CPU
		{5471A3BE-EB50-79C9-C2F3-60D886D9BFEB}.Debug|Any CPU.Build.0 = Debug|Any CPU
		{5471A3BE-EB50-79C9-C2F3-60D886D9BFEB}.Release|Any CPU.ActiveCfg = Release|Any CPU
		{5471A3BE-EB50-79C9-C2F3-60D886D9BFEB}.Release|Any CPU.Build.0 = Release|Any CPU
		{3FC3F539-02A5-C15C-42B1-F261513E5B50}.Debug|Any CPU.ActiveCfg = Debug|Any CPU
		{3FC3F539-02A5-C15C-42B1-F261513E5B50}.Debug|Any CPU.Build.0 = Debug|Any CPU
		{3FC3F539-02A5-C15C-42B1-F261513E5B50}.Release|Any CPU.ActiveCfg = Release|Any CPU
		{3FC3F539-02A5-C15C-42B1-F261513E5B50}.Release|Any CPU.Build.0 = Release|Any CPU
		{756131B3-2D4F-6CEA-D884-1A724C9EC0DE}.Debug|Any CPU.ActiveCfg = Debug|Any CPU
		{756131B3-2D4F-6CEA-D884-1A724C9EC0DE}.Debug|Any CPU.Build.0 = Debug|Any CPU
		{756131B3-2D4F-6CEA-D884-1A724C9EC0DE}.Release|Any CPU.ActiveCfg = Release|Any CPU
		{756131B3-2D4F-6CEA-D884-1A724C9EC0DE}.Release|Any CPU.Build.0 = Release|Any CPU
	EndGlobalSection
	GlobalSection(SolutionProperties) = preSolution
		HideSolutionNode = FALSE
	EndGlobalSection
EndGlobal
